
Microsoft Visual Studio Solution File, Format Version 12.00
# Visual Studio Version 16
VisualStudioVersion = 16.0.29503.13
MinimumVisualStudioVersion = 10.0.40219.1
Project("{2150E333-8FDC-42A3-9474-1A3956D46DE8}") = "src", "src", "{393FA70E-61EF-411F-B3B7-D31CB5AC6DE6}"
EndProject
Project("{2150E333-8FDC-42A3-9474-1A3956D46DE8}") = "Solution Items", "Solution Items", "{D4225AC3-DDDC-46F1-81F5-90E192DE933D}"
EndProject
Project("{9A19103F-16F7-4668-BE54-9A1E7A4F7556}") = "NasladdinPlace.Core", "src\NasladdinPlace.Core\NasladdinPlace.Core.csproj", "{4B7E1F07-4EC5-4086-9427-0FE8D5AFD894}"
EndProject
Project("{9A19103F-16F7-4668-BE54-9A1E7A4F7556}") = "NasladdinPlace.DAL", "src\NasladdinPlace.DAL\NasladdinPlace.DAL.csproj", "{2271899F-A2D1-4822-A643-1AB511962A92}"
EndProject
Project("{9A19103F-16F7-4668-BE54-9A1E7A4F7556}") = "NasladdinPlace.Api", "src\NasladdinPlace.Api\NasladdinPlace.Api.csproj", "{21D7A2A8-ABD6-4F33-BC6E-053A77811348}"
EndProject
Project("{9A19103F-16F7-4668-BE54-9A1E7A4F7556}") = "NasladdinPlace.Core.Tests", "src\NasladdinPlace.Core.Tests\NasladdinPlace.Core.Tests.csproj", "{3D9BACE0-B964-40B0-AE1E-76DCE94C11E0}"
EndProject
Project("{9A19103F-16F7-4668-BE54-9A1E7A4F7556}") = "NasladdinPlace.UI", "src\NasladdinPlace.UI\NasladdinPlace.UI.csproj", "{8D6917B8-8E05-410D-AA01-4C83B9F8BD6D}"
EndProject
Project("{9A19103F-16F7-4668-BE54-9A1E7A4F7556}") = "NasladdinPlace.Utilities", "src\NasladdinPlace.Utilities\NasladdinPlace.Utilities.csproj", "{B584A5DB-EE2C-4841-802D-027CF16AA78B}"
EndProject
Project("{9A19103F-16F7-4668-BE54-9A1E7A4F7556}") = "NasladdinPlace.DAL.Tests", "src\NasladdinPlace.DAL.Tests\NasladdinPlace.DAL.Tests.csproj", "{135ADCA9-42BA-45C4-9AE8-39ACD63E1BA9}"
EndProject
Project("{9A19103F-16F7-4668-BE54-9A1E7A4F7556}") = "NasladdinPlace.TestUtils", "src\NasladdinPlace.TestUtils\NasladdinPlace.TestUtils.csproj", "{CD31169B-44C1-49A6-AACF-F3E7B4877CB5}"
EndProject
Project("{9A19103F-16F7-4668-BE54-9A1E7A4F7556}") = "NasladdinPlace.Api.Tests", "src\NasladdinPlace.Api.Tests\NasladdinPlace.Api.Tests.csproj", "{3B210FB1-D7E1-44FF-872E-DC7378B2EAB8}"
EndProject
Project("{9A19103F-16F7-4668-BE54-9A1E7A4F7556}") = "CloudPaymentsClient", "src\CloudPaymentsClient\CloudPaymentsClient.csproj", "{8F648133-8606-4E63-84D8-A56E0F1F19A2}"
EndProject
Project("{9A19103F-16F7-4668-BE54-9A1E7A4F7556}") = "CloudPaymentsClient.Tests", "src\CloudPaymentsClient.Tests\CloudPaymentsClient.Tests.csproj", "{FC1FAB84-6C94-4A7F-BEA4-F2F2B3005FCB}"
EndProject
Project("{9A19103F-16F7-4668-BE54-9A1E7A4F7556}") = "NasladdinPlace.Payment", "src\NasladdinPlace.Payment\NasladdinPlace.Payment.csproj", "{64F1B840-09EF-4060-B846-D110CFBF3B5C}"
EndProject
Project("{9A19103F-16F7-4668-BE54-9A1E7A4F7556}") = "FirebaseCloudMessagingClient", "src\FirebaseCloudMessagingClient\FirebaseCloudMessagingClient.csproj", "{0E4C627D-005C-4975-B6F1-4810AD0E7F42}"
EndProject
Project("{9A19103F-16F7-4668-BE54-9A1E7A4F7556}") = "NasladdinPlace.UI.Tests", "src\NasladdinPlace.UI.Tests\NasladdinPlace.UI.Tests.csproj", "{51B0B6DE-7573-4AF7-A7D6-1E7669D12898}"
EndProject
Project("{9A19103F-16F7-4668-BE54-9A1E7A4F7556}") = "NasladdinPlace.Reports", "src\NasladdinPlace.Reports\NasladdinPlace.Reports.csproj", "{70ED12A9-6236-4895-9E6B-2A91FF92E958}"
EndProject
Project("{9A19103F-16F7-4668-BE54-9A1E7A4F7556}") = "PagedList", "src\PagedList\PagedList.csproj", "{DA52D7C3-B871-48EC-B009-AC782AD50266}"
EndProject
Project("{9A19103F-16F7-4668-BE54-9A1E7A4F7556}") = "NasladdinPlace.Dtos", "src\NasladdinPlace.Dtos\NasladdinPlace.Dtos.csproj", "{FE8373EA-0069-479D-8CD2-DBAE36125E01}"
EndProject
Project("{9A19103F-16F7-4668-BE54-9A1E7A4F7556}") = "NasladdinPlace.Spreadsheets", "src\NasladdinPlace.GoogleSpreadsheets\NasladdinPlace.Spreadsheets.csproj", "{DB0178CE-66E8-421B-9B47-5B8725B1E3CB}"
EndProject
Project("{9A19103F-16F7-4668-BE54-9A1E7A4F7556}") = "NasladdinPlace.CheckOnline", "src\NasladdinPlace.CheckOnline\NasladdinPlace.CheckOnline.csproj", "{6DFE16B7-ED51-4456-966F-6C0A83FDA9B3}"
EndProject
Project("{9A19103F-16F7-4668-BE54-9A1E7A4F7556}") = "NasladdinPlace.TelegramBot", "src\NasladdinPlace.TelegramBot\NasladdinPlace.TelegramBot.csproj", "{94BD36FD-A690-42EF-985F-EEB0691AD948}"
EndProject
Project("{9A19103F-16F7-4668-BE54-9A1E7A4F7556}") = "NasladdinPlace.Infra.IoC", "src\NasladdinPlace.Infra.IoC\NasladdinPlace.Infra.IoC.csproj", "{8209110E-0648-4FEA-A055-1E3CFFEAF50F}"
EndProject
Project("{9A19103F-16F7-4668-BE54-9A1E7A4F7556}") = "NasladdinPlace.Utilities.Tests", "src\NasladdinPlace.Utilities.Tests\NasladdinPlace.Utilities.Tests.csproj", "{E9E73173-25B8-4167-A8AB-C6EB8A56F94E}"
EndProject
Project("{9A19103F-16F7-4668-BE54-9A1E7A4F7556}") = "NasladdinPlace.Logging", "src\NasladdinPlace.Logging\NasladdinPlace.Logging.csproj", "{A92ECC9B-FAD9-42EE-AC3C-324F0CEE8C4C}"
EndProject
Project("{9A19103F-16F7-4668-BE54-9A1E7A4F7556}") = "NasladdinPlace.Logging.Serilog", "src\NasladdinPlace.Logging.Serilog\NasladdinPlace.Logging.Serilog.csproj", "{CD981243-6290-4BD9-A74B-FFCA98B709C0}"
EndProject
Project("{9A19103F-16F7-4668-BE54-9A1E7A4F7556}") = "NasladdinPlace.Logging.Mvc", "src\NasladdinPlace.Logging.Mvc\NasladdinPlace.Logging.Mvc.csproj", "{4BF78588-FFAF-4B2E-9328-72778FDF54CB}"
EndProject
Project("{9A19103F-16F7-4668-BE54-9A1E7A4F7556}") = "NasladdinPlace.Application", "src\NasladdinPlace.Application\NasladdinPlace.Application.csproj", "{A5D7D438-7862-4750-B9D9-3BEB782C2B38}"
EndProject
Project("{9A19103F-16F7-4668-BE54-9A1E7A4F7556}") = "NasladdinPlace.Api.StressTesting", "src\NasladdinPlace.Api.StressTesting\NasladdinPlace.Api.StressTesting.csproj", "{3EDEDD4A-566F-4E70-84A5-7A5D88EED537}"
EndProject
Project("{9A19103F-16F7-4668-BE54-9A1E7A4F7556}") = "NasladdinPlace.Api.Client", "src\NasladdinPlace.Api.Client\NasladdinPlace.Api.Client.csproj", "{68B3DFE2-1BA9-43FD-A953-BF9A92C26745}"
EndProject
Project("{9A19103F-16F7-4668-BE54-9A1E7A4F7556}") = "NasladdinPlace.QrCodeConverter", "src\NasladdinPlace.QrCodeConverter\NasladdinPlace.QrCodeConverter.csproj", "{EB05CD90-8AE7-43D9-9C4B-64BF0D1DB23C}"
EndProject
Project("{9A19103F-16F7-4668-BE54-9A1E7A4F7556}") = "NasladdinPlace.QrCodeConverter.Tests", "src\NasladdinPlace.QrCodeConverter.Tests\NasladdinPlace.QrCodeConverter.Tests.csproj", "{B98CAA4B-485E-40E4-9E31-97B0C4F16122}"
EndProject
Project("{9A19103F-16F7-4668-BE54-9A1E7A4F7556}") = "NasladdinPlace.Tests.Constants", "src\NasladdinPlace.Tests.Constants\NasladdinPlace.Tests.Constants.csproj", "{E5ECE62F-E0DC-4842-8657-C45839D5AB8C}"
EndProject
Project("{9A19103F-16F7-4668-BE54-9A1E7A4F7556}") = "NasladdinPlace.IntegrationTestsSmsReader", "src\NasladdinPlace.IntegrationTestsSmsReader\NasladdinPlace.IntegrationTestsSmsReader.csproj", "{687C3EF5-886E-4C1E-B83E-BA701467E5E7}"
EndProject
Project("{FAE04EC0-301F-11D3-BF4B-00C04F79EFBC}") = "NasladdinPlace.Fiscalization", "NasladdinPlace.Fiscalization\NasladdinPlace.Fiscalization.csproj", "{F0B9226F-E7D3-456A-A510-4AA6B9279FC6}"
EndProject
Project("{FAE04EC0-301F-11D3-BF4B-00C04F79EFBC}") = "NasladdinPlace.CloudPaymentsCore", "NasladdinPlace.CloudPaymentsCore\NasladdinPlace.CloudPaymentsCore.csproj", "{100372B6-8C07-4BD7-B8B5-AE0E6038A060}"
EndProject
Global
	GlobalSection(SolutionConfigurationPlatforms) = preSolution
		Debug|Any CPU = Debug|Any CPU
		Release|Any CPU = Release|Any CPU
	EndGlobalSection
	GlobalSection(ProjectConfigurationPlatforms) = postSolution
		{4B7E1F07-4EC5-4086-9427-0FE8D5AFD894}.Debug|Any CPU.ActiveCfg = Debug|Any CPU
		{4B7E1F07-4EC5-4086-9427-0FE8D5AFD894}.Debug|Any CPU.Build.0 = Debug|Any CPU
		{4B7E1F07-4EC5-4086-9427-0FE8D5AFD894}.Release|Any CPU.ActiveCfg = Release|Any CPU
		{4B7E1F07-4EC5-4086-9427-0FE8D5AFD894}.Release|Any CPU.Build.0 = Release|Any CPU
		{2271899F-A2D1-4822-A643-1AB511962A92}.Debug|Any CPU.ActiveCfg = Debug|Any CPU
		{2271899F-A2D1-4822-A643-1AB511962A92}.Debug|Any CPU.Build.0 = Debug|Any CPU
		{2271899F-A2D1-4822-A643-1AB511962A92}.Release|Any CPU.ActiveCfg = Release|Any CPU
		{2271899F-A2D1-4822-A643-1AB511962A92}.Release|Any CPU.Build.0 = Release|Any CPU
		{21D7A2A8-ABD6-4F33-BC6E-053A77811348}.Debug|Any CPU.ActiveCfg = Debug|Any CPU
		{21D7A2A8-ABD6-4F33-BC6E-053A77811348}.Debug|Any CPU.Build.0 = Debug|Any CPU
		{21D7A2A8-ABD6-4F33-BC6E-053A77811348}.Release|Any CPU.ActiveCfg = Release|Any CPU
		{21D7A2A8-ABD6-4F33-BC6E-053A77811348}.Release|Any CPU.Build.0 = Release|Any CPU
		{3D9BACE0-B964-40B0-AE1E-76DCE94C11E0}.Debug|Any CPU.ActiveCfg = Debug|Any CPU
		{3D9BACE0-B964-40B0-AE1E-76DCE94C11E0}.Debug|Any CPU.Build.0 = Debug|Any CPU
		{3D9BACE0-B964-40B0-AE1E-76DCE94C11E0}.Release|Any CPU.ActiveCfg = Release|Any CPU
		{3D9BACE0-B964-40B0-AE1E-76DCE94C11E0}.Release|Any CPU.Build.0 = Release|Any CPU
		{8D6917B8-8E05-410D-AA01-4C83B9F8BD6D}.Debug|Any CPU.ActiveCfg = Debug|Any CPU
		{8D6917B8-8E05-410D-AA01-4C83B9F8BD6D}.Debug|Any CPU.Build.0 = Debug|Any CPU
		{8D6917B8-8E05-410D-AA01-4C83B9F8BD6D}.Release|Any CPU.ActiveCfg = Release|Any CPU
		{8D6917B8-8E05-410D-AA01-4C83B9F8BD6D}.Release|Any CPU.Build.0 = Release|Any CPU
		{B584A5DB-EE2C-4841-802D-027CF16AA78B}.Debug|Any CPU.ActiveCfg = Debug|Any CPU
		{B584A5DB-EE2C-4841-802D-027CF16AA78B}.Debug|Any CPU.Build.0 = Debug|Any CPU
		{B584A5DB-EE2C-4841-802D-027CF16AA78B}.Release|Any CPU.ActiveCfg = Release|Any CPU
		{B584A5DB-EE2C-4841-802D-027CF16AA78B}.Release|Any CPU.Build.0 = Release|Any CPU
		{135ADCA9-42BA-45C4-9AE8-39ACD63E1BA9}.Debug|Any CPU.ActiveCfg = Debug|Any CPU
		{135ADCA9-42BA-45C4-9AE8-39ACD63E1BA9}.Debug|Any CPU.Build.0 = Debug|Any CPU
		{135ADCA9-42BA-45C4-9AE8-39ACD63E1BA9}.Release|Any CPU.ActiveCfg = Release|Any CPU
		{135ADCA9-42BA-45C4-9AE8-39ACD63E1BA9}.Release|Any CPU.Build.0 = Release|Any CPU
		{CD31169B-44C1-49A6-AACF-F3E7B4877CB5}.Debug|Any CPU.ActiveCfg = Debug|Any CPU
		{CD31169B-44C1-49A6-AACF-F3E7B4877CB5}.Debug|Any CPU.Build.0 = Debug|Any CPU
		{CD31169B-44C1-49A6-AACF-F3E7B4877CB5}.Release|Any CPU.ActiveCfg = Release|Any CPU
		{CD31169B-44C1-49A6-AACF-F3E7B4877CB5}.Release|Any CPU.Build.0 = Release|Any CPU
		{3B210FB1-D7E1-44FF-872E-DC7378B2EAB8}.Debug|Any CPU.ActiveCfg = Debug|Any CPU
		{3B210FB1-D7E1-44FF-872E-DC7378B2EAB8}.Debug|Any CPU.Build.0 = Debug|Any CPU
		{3B210FB1-D7E1-44FF-872E-DC7378B2EAB8}.Release|Any CPU.ActiveCfg = Release|Any CPU
		{3B210FB1-D7E1-44FF-872E-DC7378B2EAB8}.Release|Any CPU.Build.0 = Release|Any CPU
		{8F648133-8606-4E63-84D8-A56E0F1F19A2}.Debug|Any CPU.ActiveCfg = Debug|Any CPU
		{8F648133-8606-4E63-84D8-A56E0F1F19A2}.Debug|Any CPU.Build.0 = Debug|Any CPU
		{8F648133-8606-4E63-84D8-A56E0F1F19A2}.Release|Any CPU.ActiveCfg = Release|Any CPU
		{8F648133-8606-4E63-84D8-A56E0F1F19A2}.Release|Any CPU.Build.0 = Release|Any CPU
		{FC1FAB84-6C94-4A7F-BEA4-F2F2B3005FCB}.Debug|Any CPU.ActiveCfg = Debug|Any CPU
		{FC1FAB84-6C94-4A7F-BEA4-F2F2B3005FCB}.Debug|Any CPU.Build.0 = Debug|Any CPU
		{FC1FAB84-6C94-4A7F-BEA4-F2F2B3005FCB}.Release|Any CPU.ActiveCfg = Release|Any CPU
		{FC1FAB84-6C94-4A7F-BEA4-F2F2B3005FCB}.Release|Any CPU.Build.0 = Release|Any CPU
		{64F1B840-09EF-4060-B846-D110CFBF3B5C}.Debug|Any CPU.ActiveCfg = Debug|Any CPU
		{64F1B840-09EF-4060-B846-D110CFBF3B5C}.Debug|Any CPU.Build.0 = Debug|Any CPU
		{64F1B840-09EF-4060-B846-D110CFBF3B5C}.Release|Any CPU.ActiveCfg = Release|Any CPU
		{64F1B840-09EF-4060-B846-D110CFBF3B5C}.Release|Any CPU.Build.0 = Release|Any CPU
		{0E4C627D-005C-4975-B6F1-4810AD0E7F42}.Debug|Any CPU.ActiveCfg = Debug|Any CPU
		{0E4C627D-005C-4975-B6F1-4810AD0E7F42}.Debug|Any CPU.Build.0 = Debug|Any CPU
		{0E4C627D-005C-4975-B6F1-4810AD0E7F42}.Release|Any CPU.ActiveCfg = Release|Any CPU
		{0E4C627D-005C-4975-B6F1-4810AD0E7F42}.Release|Any CPU.Build.0 = Release|Any CPU
		{51B0B6DE-7573-4AF7-A7D6-1E7669D12898}.Debug|Any CPU.ActiveCfg = Debug|Any CPU
		{51B0B6DE-7573-4AF7-A7D6-1E7669D12898}.Debug|Any CPU.Build.0 = Debug|Any CPU
		{51B0B6DE-7573-4AF7-A7D6-1E7669D12898}.Release|Any CPU.ActiveCfg = Release|Any CPU
		{51B0B6DE-7573-4AF7-A7D6-1E7669D12898}.Release|Any CPU.Build.0 = Release|Any CPU
		{70ED12A9-6236-4895-9E6B-2A91FF92E958}.Debug|Any CPU.ActiveCfg = Debug|Any CPU
		{70ED12A9-6236-4895-9E6B-2A91FF92E958}.Debug|Any CPU.Build.0 = Debug|Any CPU
		{70ED12A9-6236-4895-9E6B-2A91FF92E958}.Release|Any CPU.ActiveCfg = Release|Any CPU
		{70ED12A9-6236-4895-9E6B-2A91FF92E958}.Release|Any CPU.Build.0 = Release|Any CPU
		{DA52D7C3-B871-48EC-B009-AC782AD50266}.Debug|Any CPU.ActiveCfg = Debug|Any CPU
		{DA52D7C3-B871-48EC-B009-AC782AD50266}.Debug|Any CPU.Build.0 = Debug|Any CPU
		{DA52D7C3-B871-48EC-B009-AC782AD50266}.Release|Any CPU.ActiveCfg = Release|Any CPU
		{DA52D7C3-B871-48EC-B009-AC782AD50266}.Release|Any CPU.Build.0 = Release|Any CPU
		{FE8373EA-0069-479D-8CD2-DBAE36125E01}.Debug|Any CPU.ActiveCfg = Debug|Any CPU
		{FE8373EA-0069-479D-8CD2-DBAE36125E01}.Debug|Any CPU.Build.0 = Debug|Any CPU
		{FE8373EA-0069-479D-8CD2-DBAE36125E01}.Release|Any CPU.ActiveCfg = Release|Any CPU
		{FE8373EA-0069-479D-8CD2-DBAE36125E01}.Release|Any CPU.Build.0 = Release|Any CPU
		{DB0178CE-66E8-421B-9B47-5B8725B1E3CB}.Debug|Any CPU.ActiveCfg = Debug|Any CPU
		{DB0178CE-66E8-421B-9B47-5B8725B1E3CB}.Debug|Any CPU.Build.0 = Debug|Any CPU
		{DB0178CE-66E8-421B-9B47-5B8725B1E3CB}.Release|Any CPU.ActiveCfg = Release|Any CPU
		{DB0178CE-66E8-421B-9B47-5B8725B1E3CB}.Release|Any CPU.Build.0 = Release|Any CPU
		{6DFE16B7-ED51-4456-966F-6C0A83FDA9B3}.Debug|Any CPU.ActiveCfg = Debug|Any CPU
		{6DFE16B7-ED51-4456-966F-6C0A83FDA9B3}.Debug|Any CPU.Build.0 = Debug|Any CPU
		{6DFE16B7-ED51-4456-966F-6C0A83FDA9B3}.Release|Any CPU.ActiveCfg = Release|Any CPU
		{6DFE16B7-ED51-4456-966F-6C0A83FDA9B3}.Release|Any CPU.Build.0 = Release|Any CPU
		{94BD36FD-A690-42EF-985F-EEB0691AD948}.Debug|Any CPU.ActiveCfg = Debug|Any CPU
		{94BD36FD-A690-42EF-985F-EEB0691AD948}.Debug|Any CPU.Build.0 = Debug|Any CPU
		{94BD36FD-A690-42EF-985F-EEB0691AD948}.Release|Any CPU.ActiveCfg = Release|Any CPU
		{94BD36FD-A690-42EF-985F-EEB0691AD948}.Release|Any CPU.Build.0 = Release|Any CPU
		{8209110E-0648-4FEA-A055-1E3CFFEAF50F}.Debug|Any CPU.ActiveCfg = Debug|Any CPU
		{8209110E-0648-4FEA-A055-1E3CFFEAF50F}.Debug|Any CPU.Build.0 = Debug|Any CPU
		{8209110E-0648-4FEA-A055-1E3CFFEAF50F}.Release|Any CPU.ActiveCfg = Release|Any CPU
		{8209110E-0648-4FEA-A055-1E3CFFEAF50F}.Release|Any CPU.Build.0 = Release|Any CPU
		{E9E73173-25B8-4167-A8AB-C6EB8A56F94E}.Debug|Any CPU.ActiveCfg = Debug|Any CPU
		{E9E73173-25B8-4167-A8AB-C6EB8A56F94E}.Debug|Any CPU.Build.0 = Debug|Any CPU
		{E9E73173-25B8-4167-A8AB-C6EB8A56F94E}.Release|Any CPU.ActiveCfg = Release|Any CPU
		{E9E73173-25B8-4167-A8AB-C6EB8A56F94E}.Release|Any CPU.Build.0 = Release|Any CPU
		{A92ECC9B-FAD9-42EE-AC3C-324F0CEE8C4C}.Debug|Any CPU.ActiveCfg = Debug|Any CPU
		{A92ECC9B-FAD9-42EE-AC3C-324F0CEE8C4C}.Debug|Any CPU.Build.0 = Debug|Any CPU
		{A92ECC9B-FAD9-42EE-AC3C-324F0CEE8C4C}.Release|Any CPU.ActiveCfg = Release|Any CPU
		{A92ECC9B-FAD9-42EE-AC3C-324F0CEE8C4C}.Release|Any CPU.Build.0 = Release|Any CPU
		{CD981243-6290-4BD9-A74B-FFCA98B709C0}.Debug|Any CPU.ActiveCfg = Debug|Any CPU
		{CD981243-6290-4BD9-A74B-FFCA98B709C0}.Debug|Any CPU.Build.0 = Debug|Any CPU
		{CD981243-6290-4BD9-A74B-FFCA98B709C0}.Release|Any CPU.ActiveCfg = Release|Any CPU
		{CD981243-6290-4BD9-A74B-FFCA98B709C0}.Release|Any CPU.Build.0 = Release|Any CPU
		{4BF78588-FFAF-4B2E-9328-72778FDF54CB}.Debug|Any CPU.ActiveCfg = Debug|Any CPU
		{4BF78588-FFAF-4B2E-9328-72778FDF54CB}.Debug|Any CPU.Build.0 = Debug|Any CPU
		{4BF78588-FFAF-4B2E-9328-72778FDF54CB}.Release|Any CPU.ActiveCfg = Release|Any CPU
		{4BF78588-FFAF-4B2E-9328-72778FDF54CB}.Release|Any CPU.Build.0 = Release|Any CPU
		{A5D7D438-7862-4750-B9D9-3BEB782C2B38}.Debug|Any CPU.ActiveCfg = Debug|Any CPU
		{A5D7D438-7862-4750-B9D9-3BEB782C2B38}.Debug|Any CPU.Build.0 = Debug|Any CPU
		{A5D7D438-7862-4750-B9D9-3BEB782C2B38}.Release|Any CPU.ActiveCfg = Release|Any CPU
		{A5D7D438-7862-4750-B9D9-3BEB782C2B38}.Release|Any CPU.Build.0 = Release|Any CPU
		{3EDEDD4A-566F-4E70-84A5-7A5D88EED537}.Debug|Any CPU.ActiveCfg = Debug|Any CPU
		{3EDEDD4A-566F-4E70-84A5-7A5D88EED537}.Debug|Any CPU.Build.0 = Debug|Any CPU
		{3EDEDD4A-566F-4E70-84A5-7A5D88EED537}.Release|Any CPU.ActiveCfg = Release|Any CPU
		{3EDEDD4A-566F-4E70-84A5-7A5D88EED537}.Release|Any CPU.Build.0 = Release|Any CPU
		{68B3DFE2-1BA9-43FD-A953-BF9A92C26745}.Debug|Any CPU.ActiveCfg = Debug|Any CPU
		{68B3DFE2-1BA9-43FD-A953-BF9A92C26745}.Debug|Any CPU.Build.0 = Debug|Any CPU
		{68B3DFE2-1BA9-43FD-A953-BF9A92C26745}.Release|Any CPU.ActiveCfg = Release|Any CPU
		{68B3DFE2-1BA9-43FD-A953-BF9A92C26745}.Release|Any CPU.Build.0 = Release|Any CPU
		{EB05CD90-8AE7-43D9-9C4B-64BF0D1DB23C}.Debug|Any CPU.ActiveCfg = Debug|Any CPU
		{EB05CD90-8AE7-43D9-9C4B-64BF0D1DB23C}.Debug|Any CPU.Build.0 = Debug|Any CPU
		{EB05CD90-8AE7-43D9-9C4B-64BF0D1DB23C}.Release|Any CPU.ActiveCfg = Release|Any CPU
		{EB05CD90-8AE7-43D9-9C4B-64BF0D1DB23C}.Release|Any CPU.Build.0 = Release|Any CPU
		{B98CAA4B-485E-40E4-9E31-97B0C4F16122}.Debug|Any CPU.ActiveCfg = Debug|Any CPU
		{B98CAA4B-485E-40E4-9E31-97B0C4F16122}.Debug|Any CPU.Build.0 = Debug|Any CPU
		{B98CAA4B-485E-40E4-9E31-97B0C4F16122}.Release|Any CPU.ActiveCfg = Release|Any CPU
		{B98CAA4B-485E-40E4-9E31-97B0C4F16122}.Release|Any CPU.Build.0 = Release|Any CPU
		{E5ECE62F-E0DC-4842-8657-C45839D5AB8C}.Debug|Any CPU.ActiveCfg = Debug|Any CPU
		{E5ECE62F-E0DC-4842-8657-C45839D5AB8C}.Debug|Any CPU.Build.0 = Debug|Any CPU
		{E5ECE62F-E0DC-4842-8657-C45839D5AB8C}.Release|Any CPU.ActiveCfg = Release|Any CPU
		{E5ECE62F-E0DC-4842-8657-C45839D5AB8C}.Release|Any CPU.Build.0 = Release|Any CPU
		{687C3EF5-886E-4C1E-B83E-BA701467E5E7}.Debug|Any CPU.ActiveCfg = Debug|Any CPU
		{687C3EF5-886E-4C1E-B83E-BA701467E5E7}.Debug|Any CPU.Build.0 = Debug|Any CPU
		{687C3EF5-886E-4C1E-B83E-BA701467E5E7}.Release|Any CPU.ActiveCfg = Release|Any CPU
		{687C3EF5-886E-4C1E-B83E-BA701467E5E7}.Release|Any CPU.Build.0 = Release|Any CPU
		{F0B9226F-E7D3-456A-A510-4AA6B9279FC6}.Debug|Any CPU.ActiveCfg = Debug|Any CPU
		{F0B9226F-E7D3-456A-A510-4AA6B9279FC6}.Debug|Any CPU.Build.0 = Debug|Any CPU
		{F0B9226F-E7D3-456A-A510-4AA6B9279FC6}.Release|Any CPU.ActiveCfg = Release|Any CPU
		{F0B9226F-E7D3-456A-A510-4AA6B9279FC6}.Release|Any CPU.Build.0 = Release|Any CPU
		{100372B6-8C07-4BD7-B8B5-AE0E6038A060}.Debug|Any CPU.ActiveCfg = Debug|Any CPU
		{100372B6-8C07-4BD7-B8B5-AE0E6038A060}.Debug|Any CPU.Build.0 = Debug|Any CPU
		{100372B6-8C07-4BD7-B8B5-AE0E6038A060}.Release|Any CPU.ActiveCfg = Release|Any CPU
		{100372B6-8C07-4BD7-B8B5-AE0E6038A060}.Release|Any CPU.Build.0 = Release|Any CPU
	EndGlobalSection
	GlobalSection(SolutionProperties) = preSolution
		HideSolutionNode = FALSE
	EndGlobalSection
	GlobalSection(NestedProjects) = preSolution
		{4B7E1F07-4EC5-4086-9427-0FE8D5AFD894} = {393FA70E-61EF-411F-B3B7-D31CB5AC6DE6}
		{2271899F-A2D1-4822-A643-1AB511962A92} = {393FA70E-61EF-411F-B3B7-D31CB5AC6DE6}
		{21D7A2A8-ABD6-4F33-BC6E-053A77811348} = {393FA70E-61EF-411F-B3B7-D31CB5AC6DE6}
		{3D9BACE0-B964-40B0-AE1E-76DCE94C11E0} = {393FA70E-61EF-411F-B3B7-D31CB5AC6DE6}
		{8D6917B8-8E05-410D-AA01-4C83B9F8BD6D} = {393FA70E-61EF-411F-B3B7-D31CB5AC6DE6}
		{B584A5DB-EE2C-4841-802D-027CF16AA78B} = {393FA70E-61EF-411F-B3B7-D31CB5AC6DE6}
		{135ADCA9-42BA-45C4-9AE8-39ACD63E1BA9} = {393FA70E-61EF-411F-B3B7-D31CB5AC6DE6}
		{CD31169B-44C1-49A6-AACF-F3E7B4877CB5} = {393FA70E-61EF-411F-B3B7-D31CB5AC6DE6}
		{3B210FB1-D7E1-44FF-872E-DC7378B2EAB8} = {393FA70E-61EF-411F-B3B7-D31CB5AC6DE6}
		{8F648133-8606-4E63-84D8-A56E0F1F19A2} = {393FA70E-61EF-411F-B3B7-D31CB5AC6DE6}
		{FC1FAB84-6C94-4A7F-BEA4-F2F2B3005FCB} = {393FA70E-61EF-411F-B3B7-D31CB5AC6DE6}
		{64F1B840-09EF-4060-B846-D110CFBF3B5C} = {393FA70E-61EF-411F-B3B7-D31CB5AC6DE6}
		{0E4C627D-005C-4975-B6F1-4810AD0E7F42} = {393FA70E-61EF-411F-B3B7-D31CB5AC6DE6}
		{51B0B6DE-7573-4AF7-A7D6-1E7669D12898} = {393FA70E-61EF-411F-B3B7-D31CB5AC6DE6}
		{70ED12A9-6236-4895-9E6B-2A91FF92E958} = {393FA70E-61EF-411F-B3B7-D31CB5AC6DE6}
		{DA52D7C3-B871-48EC-B009-AC782AD50266} = {393FA70E-61EF-411F-B3B7-D31CB5AC6DE6}
		{FE8373EA-0069-479D-8CD2-DBAE36125E01} = {393FA70E-61EF-411F-B3B7-D31CB5AC6DE6}
		{DB0178CE-66E8-421B-9B47-5B8725B1E3CB} = {393FA70E-61EF-411F-B3B7-D31CB5AC6DE6}
		{6DFE16B7-ED51-4456-966F-6C0A83FDA9B3} = {393FA70E-61EF-411F-B3B7-D31CB5AC6DE6}
		{94BD36FD-A690-42EF-985F-EEB0691AD948} = {393FA70E-61EF-411F-B3B7-D31CB5AC6DE6}
		{8209110E-0648-4FEA-A055-1E3CFFEAF50F} = {393FA70E-61EF-411F-B3B7-D31CB5AC6DE6}
		{E9E73173-25B8-4167-A8AB-C6EB8A56F94E} = {393FA70E-61EF-411F-B3B7-D31CB5AC6DE6}
		{A92ECC9B-FAD9-42EE-AC3C-324F0CEE8C4C} = {393FA70E-61EF-411F-B3B7-D31CB5AC6DE6}
		{CD981243-6290-4BD9-A74B-FFCA98B709C0} = {393FA70E-61EF-411F-B3B7-D31CB5AC6DE6}
		{4BF78588-FFAF-4B2E-9328-72778FDF54CB} = {393FA70E-61EF-411F-B3B7-D31CB5AC6DE6}
		{A5D7D438-7862-4750-B9D9-3BEB782C2B38} = {393FA70E-61EF-411F-B3B7-D31CB5AC6DE6}
		{3EDEDD4A-566F-4E70-84A5-7A5D88EED537} = {393FA70E-61EF-411F-B3B7-D31CB5AC6DE6}
		{68B3DFE2-1BA9-43FD-A953-BF9A92C26745} = {393FA70E-61EF-411F-B3B7-D31CB5AC6DE6}
		{EB05CD90-8AE7-43D9-9C4B-64BF0D1DB23C} = {393FA70E-61EF-411F-B3B7-D31CB5AC6DE6}
		{B98CAA4B-485E-40E4-9E31-97B0C4F16122} = {393FA70E-61EF-411F-B3B7-D31CB5AC6DE6}
		{E5ECE62F-E0DC-4842-8657-C45839D5AB8C} = {393FA70E-61EF-411F-B3B7-D31CB5AC6DE6}
		{687C3EF5-886E-4C1E-B83E-BA701467E5E7} = {393FA70E-61EF-411F-B3B7-D31CB5AC6DE6}
		{F0B9226F-E7D3-456A-A510-4AA6B9279FC6} = {393FA70E-61EF-411F-B3B7-D31CB5AC6DE6}
		{100372B6-8C07-4BD7-B8B5-AE0E6038A060} = {393FA70E-61EF-411F-B3B7-D31CB5AC6DE6}
	EndGlobalSection
	GlobalSection(ExtensibilityGlobals) = postSolution
		SolutionGuid = {183F2062-D225-4043-97BA-038DD866F404}
	EndGlobalSection
EndGlobal
